{
  "version": "4",
  "remote": {
    "https://deno.land/std@0.128.0/_util/assert.ts": "e94f2eb37cebd7f199952e242c77654e43333c1ac4c5c700e929ea3aa5489f74",
    "https://deno.land/std@0.128.0/_util/os.ts": "49b92edea1e82ba295ec946de8ffd956ed123e2948d9bd1d3e901b04e4307617",
    "https://deno.land/std@0.128.0/path/_constants.ts": "df1db3ffa6dd6d1252cc9617e5d72165cd2483df90e93833e13580687b6083c3",
    "https://deno.land/std@0.128.0/path/_interface.ts": "ee3b431a336b80cf445441109d089b70d87d5e248f4f90ff906820889ecf8d09",
    "https://deno.land/std@0.128.0/path/_util.ts": "c1e9686d0164e29f7d880b2158971d805b6e0efc3110d0b3e24e4b8af2190d2b",
    "https://deno.land/std@0.128.0/path/common.ts": "bee563630abd2d97f99d83c96c2fa0cca7cee103e8cb4e7699ec4d5db7bd2633",
    "https://deno.land/std@0.128.0/path/glob.ts": "cb5255638de1048973c3e69e420c77dc04f75755524cb3b2e160fe9277d939ee",
    "https://deno.land/std@0.128.0/path/mod.ts": "4275129bb766f0e475ecc5246aa35689eeade419d72a48355203f31802640be7",
    "https://deno.land/std@0.128.0/path/posix.ts": "663e4a6fe30a145f56aa41a22d95114c4c5582d8b57d2d7c9ed27ad2c47636bb",
    "https://deno.land/std@0.128.0/path/separator.ts": "fe1816cb765a8068afb3e8f13ad272351c85cbc739af56dacfc7d93d710fe0f9",
    "https://deno.land/std@0.128.0/path/win32.ts": "e7bdf63e8d9982b4d8a01ef5689425c93310ece950e517476e22af10f41a136e",
    "https://deno.land/std@0.133.0/_deno_unstable.ts": "23a1a36928f1b6d3b0170aaa67de09af12aa998525f608ff7331b9fb364cbde6",
    "https://deno.land/std@0.133.0/_util/assert.ts": "e94f2eb37cebd7f199952e242c77654e43333c1ac4c5c700e929ea3aa5489f74",
    "https://deno.land/std@0.133.0/_util/os.ts": "49b92edea1e82ba295ec946de8ffd956ed123e2948d9bd1d3e901b04e4307617",
    "https://deno.land/std@0.133.0/fs/_util.ts": "0fb24eb4bfebc2c194fb1afdb42b9c3dda12e368f43e8f2321f84fc77d42cb0f",
    "https://deno.land/std@0.133.0/fs/copy.ts": "9248d1492599957af8c693ceb10a432b09f0b0b61c60a4d6aff29b0c7d3a17b3",
    "https://deno.land/std@0.133.0/fs/empty_dir.ts": "7274d87160de34cbed0531e284df383045cf43543bbeadeb97feac598bd8f3c5",
    "https://deno.land/std@0.133.0/fs/ensure_dir.ts": "9dc109c27df4098b9fc12d949612ae5c9c7169507660dcf9ad90631833209d9d",
    "https://deno.land/std@0.133.0/fs/ensure_file.ts": "7d353e64fee3d4d1e7c6b6726a2a5e987ba402c15fb49566309042887349c545",
    "https://deno.land/std@0.133.0/fs/ensure_link.ts": "489e23df9fe3e6636048b5830ddf0f111eb29621eb85719255ad9bd645f3471b",
    "https://deno.land/std@0.133.0/fs/ensure_symlink.ts": "88dc83de1bc90ed883dd458c2d2eae3d5834a4617d12925734836e1f0803b274",
    "https://deno.land/std@0.133.0/fs/eol.ts": "b92f0b88036de507e7e6fbedbe8f666835ea9dcbf5ac85917fa1fadc919f83a5",
    "https://deno.land/std@0.133.0/fs/exists.ts": "cb734d872f8554ea40b8bff77ad33d4143c1187eac621a55bf37781a43c56f6d",
    "https://deno.land/std@0.133.0/fs/expand_glob.ts": "0c10130d67c9b02164b03df8e43c6d6defbf8e395cb69d09e84a8586e6d72ac3",
    "https://deno.land/std@0.133.0/fs/mod.ts": "4dc052c461c171abb5c25f6e0f218ab838a716230930b534ba351745864b7d6d",
    "https://deno.land/std@0.133.0/fs/move.ts": "0573cedcf583f09a9494f2dfccbf67de68a93629942d6b5e6e74a9e45d4e8a2e",
    "https://deno.land/std@0.133.0/fs/walk.ts": "117403ccd21fd322febe56ba06053b1ad5064c802170f19b1ea43214088fe95f",
    "https://deno.land/std@0.133.0/path/_constants.ts": "df1db3ffa6dd6d1252cc9617e5d72165cd2483df90e93833e13580687b6083c3",
    "https://deno.land/std@0.133.0/path/_interface.ts": "ee3b431a336b80cf445441109d089b70d87d5e248f4f90ff906820889ecf8d09",
    "https://deno.land/std@0.133.0/path/_util.ts": "c1e9686d0164e29f7d880b2158971d805b6e0efc3110d0b3e24e4b8af2190d2b",
    "https://deno.land/std@0.133.0/path/common.ts": "bee563630abd2d97f99d83c96c2fa0cca7cee103e8cb4e7699ec4d5db7bd2633",
    "https://deno.land/std@0.133.0/path/glob.ts": "cb5255638de1048973c3e69e420c77dc04f75755524cb3b2e160fe9277d939ee",
    "https://deno.land/std@0.133.0/path/mod.ts": "4275129bb766f0e475ecc5246aa35689eeade419d72a48355203f31802640be7",
    "https://deno.land/std@0.133.0/path/posix.ts": "663e4a6fe30a145f56aa41a22d95114c4c5582d8b57d2d7c9ed27ad2c47636bb",
    "https://deno.land/std@0.133.0/path/separator.ts": "fe1816cb765a8068afb3e8f13ad272351c85cbc739af56dacfc7d93d710fe0f9",
    "https://deno.land/std@0.133.0/path/win32.ts": "e7bdf63e8d9982b4d8a01ef5689425c93310ece950e517476e22af10f41a136e",
    "https://deno.land/std@0.156.0/encoding/base64.ts": "c57868ca7fa2fbe919f57f88a623ad34e3d970d675bdc1ff3a9d02bba7409db2",
    "https://deno.land/std@0.191.0/_util/asserts.ts": "178dfc49a464aee693a7e285567b3d0b555dc805ff490505a8aae34f9cfb1462",
    "https://deno.land/std@0.191.0/bytes/concat.ts": "d26d6f3d7922e6d663dacfcd357563b7bf4a380ce5b9c2bbe0c8586662f25ce2",
    "https://deno.land/std@0.191.0/bytes/copy.ts": "939d89e302a9761dcf1d9c937c7711174ed74c59eef40a1e4569a05c9de88219",
    "https://deno.land/std@0.191.0/io/buf_reader.ts": "06fff3337091c49e99ebd2dd790c9a90364c087a2953ea081667400fd6c6cebb",
    "https://deno.land/std@0.191.0/io/read_lines.ts": "c526c12a20a9386dc910d500f9cdea43cba974e853397790bd146817a7eef8cc",
    "https://deno.land/std@0.214.0/assert/assert.ts": "bec068b2fccdd434c138a555b19a2c2393b71dfaada02b7d568a01541e67cdc5",
    "https://deno.land/std@0.214.0/assert/assertion_error.ts": "9f689a101ee586c4ce92f52fa7ddd362e86434ffdf1f848e45987dc7689976b8",
    "https://deno.land/std@0.214.0/path/_common/assert_path.ts": "2ca275f36ac1788b2acb60fb2b79cb06027198bc2ba6fb7e163efaedde98c297",
    "https://deno.land/std@0.214.0/path/_common/constants.ts": "dc5f8057159f4b48cd304eb3027e42f1148cf4df1fb4240774d3492b5d12ac0c",
    "https://deno.land/std@0.214.0/path/_common/glob_to_reg_exp.ts": "2007aa87bed6eb2c8ae8381adcc3125027543d9ec347713c1ad2c68427330770",
    "https://deno.land/std@0.214.0/path/_common/normalize.ts": "684df4aa71a04bbcc346c692c8485594fc8a90b9408dfbc26ff32cf3e0c98cc8",
    "https://deno.land/std@0.214.0/path/_common/normalize_string.ts": "dfdf657a1b1a7db7999f7c575ee7e6b0551d9c20f19486c6c3f5ff428384c965",
    "https://deno.land/std@0.214.0/path/_os.ts": "8fb9b90fb6b753bd8c77cfd8a33c2ff6c5f5bc185f50de8ca4ac6a05710b2c15",
    "https://deno.land/std@0.214.0/path/glob.ts": "04510962905d4b1513b44da9cb195914e0fa46c24359f6feaca20848d797dcb0",
    "https://deno.land/std@0.214.0/path/glob_to_regexp.ts": "83c5fd36a8c86f5e72df9d0f45317f9546afa2ce39acaafe079d43a865aced08",
    "https://deno.land/std@0.214.0/path/is_glob.ts": "a65f6195d3058c3050ab905705891b412ff942a292bcbaa1a807a74439a14141",
    "https://deno.land/std@0.214.0/path/join_globs.ts": "e9589869a33dc3982101898ee50903db918ca00ad2614dbe3934d597d7b1fbea",
    "https://deno.land/std@0.214.0/path/normalize_glob.ts": "98ee8268fad271193603271c203ae973280b5abfbdd2cbca1053fd2af71869ca",
    "https://deno.land/std@0.214.0/path/posix/_util.ts": "1e3937da30f080bfc99fe45d7ed23c47dd8585c5e473b2d771380d3a6937cf9d",
    "https://deno.land/std@0.214.0/path/posix/constants.ts": "93481efb98cdffa4c719c22a0182b994e5a6aed3047e1962f6c2c75b7592bef1",
    "https://deno.land/std@0.214.0/path/posix/glob_to_regexp.ts": "54d3ff40f309e3732ab6e5b19d7111d2d415248bcd35b67a99defcbc1972e697",
    "https://deno.land/std@0.214.0/path/posix/join.ts": "aef88d5fa3650f7516730865dbb951594d1a955b785e2450dbee93b8e32694f3",
    "https://deno.land/std@0.214.0/path/posix/join_globs.ts": "ee2f4676c5b8a0dfa519da58b8ade4d1c4aa8dd3fe35619edec883ae9df1f8c9",
    "https://deno.land/std@0.214.0/path/posix/normalize.ts": "baeb49816a8299f90a0237d214cef46f00ba3e95c0d2ceb74205a6a584b58a91",
    "https://deno.land/std@0.214.0/path/posix/normalize_glob.ts": "65f0138fa518ef9ece354f32889783fc38cdf985fb02dcf1c3b14fa47d665640",
    "https://deno.land/std@0.214.0/path/windows/_util.ts": "d5f47363e5293fced22c984550d5e70e98e266cc3f31769e1710511803d04808",
    "https://deno.land/std@0.214.0/path/windows/constants.ts": "5afaac0a1f67b68b0a380a4ef391bf59feb55856aa8c60dfc01bd3b6abb813f5",
    "https://deno.land/std@0.214.0/path/windows/glob_to_regexp.ts": "6dcd1242bd8907aa9660cbdd7c93446e6927b201112b0cba37ca5d80f81be51b",
    "https://deno.land/std@0.214.0/path/windows/join.ts": "e0b3356615c1a75c56ebb6a7311157911659e11fd533d80d724800126b761ac3",
    "https://deno.land/std@0.214.0/path/windows/join_globs.ts": "ee2f4676c5b8a0dfa519da58b8ade4d1c4aa8dd3fe35619edec883ae9df1f8c9",
    "https://deno.land/std@0.214.0/path/windows/normalize.ts": "78126170ab917f0ca355a9af9e65ad6bfa5be14d574c5fb09bb1920f52577780",
    "https://deno.land/std@0.214.0/path/windows/normalize_glob.ts": "179c86ba89f4d3fe283d2addbe0607341f79ee9b1ae663abcfb3439db2e97810",
    "https://deno.land/x/binaryify@2.5.3.0/binaryify_api.js": "65b6bd422305095a2107f3b4a291b6ce06588778734064c93ea04765a739ce1d",
    "https://deno.land/x/binaryify@2.5.3.0/tools.js": "9f94cff179904f42953cb78ace7b940279c4e3df91d66caf6bcc51f7e37f06f4",
    "https://deno.land/x/binaryify@2.5.3.0/version.js": "35f40d74dcbdd97fa84446aff9b2cb3aaa75c8b59fe3d5e592e89725b041a8c0",
    "https://deno.land/x/deno_deno@1.42.1.7/main.js": "b351e5cd0c767820875acd985fbd3462543855be5918a2fe8987f2c921d9eec9",
    "https://deno.land/x/denoflate@1.2.1/mod.ts": "f5628e44b80b3d80ed525afa2ba0f12408e3849db817d47a883b801f9ce69dd6",
    "https://deno.land/x/denoflate@1.2.1/pkg/denoflate.js": "b9f9ad9457d3f12f28b1fb35c555f57443427f74decb403113d67364e4f2caf4",
    "https://deno.land/x/denoflate@1.2.1/pkg/denoflate_bg.wasm.js": "d581956245407a2115a3d7e8d85a9641c032940a8e810acbd59ca86afd34d44d",
    "https://deno.land/x/esbuild@v0.24.0/mod.js": "15b51f08198c373555700a695b6c6630a86f2c254938e81be7711eb6d4edc74e",
    "https://deno.land/x/good@0.7.8/string.js": "11a2ccbd3957a3cfd03c8f3f03c9d127c55c938d6a2725b8ce2d55d61852caff",
    "https://deno.land/x/good@1.5.0.3/value.js": "dc5b96f2dabc51f0d1d86d3cf72ef55f623b82b7b2f0698b41b4714b4201247d",
    "https://deno.land/x/good@1.6.0.1/async.js": "f6c364c55802a90608485e708899d38699e7ba55386f10bff29339fd939a5898",
    "https://deno.land/x/good@1.6.0.1/iterable.js": "42885dceeb9173b21ba8489e6cc3b10db640428aff7c31394a253c7894dba3e6",
    "https://deno.land/x/good@1.6.0.1/string.js": "0e5985e4566e401292c7c0de89c64bc45d900c00e2fd4ab60b9cf16bdbdd449d",
    "https://deno.land/x/good@1.6.0.1/value.js": "dc5b96f2dabc51f0d1d86d3cf72ef55f623b82b7b2f0698b41b4714b4201247d",
    "https://deno.land/x/good@1.9.1.1/encryption.js": "b522e440f42b1b25f5396c5884a91863db7b24e94050c424415652022d338238",
    "https://deno.land/x/quickr@0.6.72/main/file_system.js": "3b56ab842e1725ffb5bae0693fdb77b91f716e77dcbc10e19a1a487a2f4f6d73",
    "https://deno.land/x/quickr@0.6.72/main/flat/_path_standardize.js": "d3ac928d9bed148d81f892cda7ccd9502c28325622fb4b7b8f4fb55f94c91902",
    "https://deno.land/x/quickr@0.6.72/main/flat/escape_glob.js": "b7e7b9927863be2cc59a112a746e2c6efd12aa5c3b6f63e88175ca63d3095a19",
    "https://deno.land/x/quickr@0.6.72/main/flat/escape_glob_for_posix.js": "f3b11ddcf283af1346ab4874b6ed2eb7f8f445a617b7868a2561bd47b2db1fca",
    "https://deno.land/x/quickr@0.6.72/main/flat/escape_glob_for_windows.js": "e01be2e2eb4cee9242a7b3a8b999a4e4e3fb1c55e869158c2260bb5d2ec33349",
    "https://deno.land/x/quickr@0.6.72/main/flat/make_absolute_path.js": "6782f5f867daa54ecdc7aced678fd243609048c832065cb7c8b6ac7de6e50a3a",
    "https://deno.land/x/quickr@0.6.72/main/flat/normalize_path.js": "5971bf1a29c04f3d79188fa4f05bc46927a90ad60ba3bb61b0456776966bd206",
    "https://deno.land/x/quickr@0.6.72/main/flat/path.js": "ee37276b58496aaeff34735e140a6f7d5a71bd2b24c67246d35f035c377cf003",
    "https://esm.sh/postcss@8.4.47": "db164b9a861703769b08fb234226bf33490874cb92ea72fb840da99aef8382e0",
    "https://esm.sh/v135/nanoid@3.3.7/denonext/non-secure.js": "04f910c9045422af11c2760899978492d745d6b13e5d9f08040c13b658c27ee0",
    "https://esm.sh/v135/picocolors@1.1.0/denonext/picocolors.mjs": "b5668be210c3efbebb5f98d34aa001f976a840931bafe081568cbbc9ec33b595",
    "https://esm.sh/v135/postcss@8.4.47/denonext/lib/at-rule.js": "8b0988d51d896b1ef6e5c6fd5a2d700ecf90a4afa9f3ed8e73e3724919ba5241",
    "https://esm.sh/v135/postcss@8.4.47/denonext/lib/comment.js": "4196efcddb08c18c99c86187d97a5dc524fd2057b574bd4f6c117d9c8febc7dc",
    "https://esm.sh/v135/postcss@8.4.47/denonext/lib/container.js": "5306a5c00f1d08277762d798315c0765de2bc4d582194642ee82d8fbc34b54ba",
    "https://esm.sh/v135/postcss@8.4.47/denonext/lib/css-syntax-error.js": "4c9ad5a5f028472459d433d798eaf14e2d2db0d444d6fc5aa26dfa312ea06d44",
    "https://esm.sh/v135/postcss@8.4.47/denonext/lib/declaration.js": "5bc401c3c51ad6e5070f5d43e07a512ac55366d2c40e50e6edcbbc4346e3ca94",
    "https://esm.sh/v135/postcss@8.4.47/denonext/lib/fromJSON.js": "f0c25bfb583c588dd4aac27472e1aadf7ffe775e33057fe3f8b17f2808886f38",
    "https://esm.sh/v135/postcss@8.4.47/denonext/lib/input.js": "cb6f72a9a25783db2dd235def3079951016122e4e6c3f8642fce15f819993e64",
    "https://esm.sh/v135/postcss@8.4.47/denonext/lib/lazy-result.js": "d657600147bed9aa88c4bd680bf119a8e4fcd13c987c53820f757f05fbff68bd",
    "https://esm.sh/v135/postcss@8.4.47/denonext/lib/list.js": "bee207c66c78b9ab620b71519c369a2dab435a2ac057be950da9ec69dcccf452",
    "https://esm.sh/v135/postcss@8.4.47/denonext/lib/map-generator.js": "024c1d22fd37be5d52f05c40d397b8930967ee6aae1da17ebfdeb4d3f17cb59e",
    "https://esm.sh/v135/postcss@8.4.47/denonext/lib/no-work-result.js": "fa27dde6bd271bd267bc27962fbc55c48b11bb5da380bc0c3b4ebb811bfbad96",
    "https://esm.sh/v135/postcss@8.4.47/denonext/lib/node.js": "3a8a4f2b92781ec4c043effd3e0bb0f68d4027cbce7f9682fd45a5100704ccde",
    "https://esm.sh/v135/postcss@8.4.47/denonext/lib/parse.js": "7e46d140f1da309cc3d9569296fb3d9b7009dde1132313c2862216efd13ced7b",
    "https://esm.sh/v135/postcss@8.4.47/denonext/lib/parser.js": "15f9881a8ec581d0cb3b1c834bf47585baeebf8f8cedaca410a81a78b0d14adc",
    "https://esm.sh/v135/postcss@8.4.47/denonext/lib/postcss.js": "79e4a574e8fbcdf1fe6b2638664711d5652857d0d508f23a822b2b140d5288c2",
    "https://esm.sh/v135/postcss@8.4.47/denonext/lib/previous-map.js": "1791fc4f8bcda95b379ee5ef85fcab836f9832a797d79d8c6297e25387da5fdb",
    "https://esm.sh/v135/postcss@8.4.47/denonext/lib/processor.js": "11da38203e5afba867decbab79c83191523546a82c561743fe069ed973b0a9d9",
    "https://esm.sh/v135/postcss@8.4.47/denonext/lib/result.js": "b9070f79740c6cfb61cdfb6e4651cf0bbce7afe43f6682be2c9ae7f3e1396384",
    "https://esm.sh/v135/postcss@8.4.47/denonext/lib/root.js": "e4c59fe6931aa9b8776c09f24e06e377904a128465dd5dae28698caee04d2a0f",
    "https://esm.sh/v135/postcss@8.4.47/denonext/lib/rule.js": "b82a74ab9603e4e1231ec3b973691d6552015f77ef1694f68034d340a119744c",
    "https://esm.sh/v135/postcss@8.4.47/denonext/lib/stringifier.js": "068883679c04d7bcf74faa5808db50310d5b86323debd3a92390e17af0a20607",
    "https://esm.sh/v135/postcss@8.4.47/denonext/lib/stringify.js": "3b85d137878b233adc8994145f4ef197c2890b7887d6ba5aee8cba6eac208302",
    "https://esm.sh/v135/postcss@8.4.47/denonext/lib/symbols.js": "ebf9d68f4529b84359ee4c02f9c1ae43c3d9c0ce3d84a34091fa2c1ca3635772",
    "https://esm.sh/v135/postcss@8.4.47/denonext/lib/terminal-highlight.js": "4cb9b78e44f44070c573cefe678b4d53ff6d67eccc77e71813d458ae84ca6d34",
    "https://esm.sh/v135/postcss@8.4.47/denonext/lib/tokenize.js": "e4e15c0edfe4fa0f58c326e4624d49f163a2ad464472287adeb506398b36a1e6",
    "https://esm.sh/v135/postcss@8.4.47/denonext/lib/warn-once.js": "ad7e7558f674a81fe2fb93ba68017423be8345f40c483afebfe1509580901e7c",
    "https://esm.sh/v135/postcss@8.4.47/denonext/lib/warning.js": "600273f70186b8c64e9da0c69df4958be12f5366e8a545f8403226c3efee23dd",
    "https://esm.sh/v135/postcss@8.4.47/denonext/postcss.mjs": "d52b5f3f277b4bfb038e9f51968734525b3bd8377d371033b9aaddf61d9f4dd7",
    "https://esm.sh/v135/source-map-js@1.2.1/denonext/source-map-js.mjs": "eb394b8281cfdf9e47261ba47189dd8968bb024159e1e80ec63ff05394aff4c3",
    "https://esm.sh/v135/vite@5.4.10/denonext/runtime.js": "94c995929f6c7700caab6e7904eea58c43c961761f89c621ab1d5b0f00523d9c",
    "https://esm.sh/vite@5.4.10/runtime": "6ee5c3b0173334f94dd9afa8b32e26d09729b31545b278def2a9a8344948ce97"
  },
  "workspace": {
    "packageJson": {
      "dependencies": [
        "npm:@ampproject/remapping@^2.3.0",
        "npm:@babel/parser@^7.25.6",
        "npm:@jridgewell/trace-mapping@~0.3.25",
        "npm:@polka/compression@^1.0.0-next.25",
        "npm:@rollup/plugin-alias@^5.1.0",
        "npm:@rollup/plugin-commonjs@^26.0.1",
        "npm:@rollup/plugin-dynamic-import-vars@^2.1.2",
        "npm:@rollup/plugin-json@^6.1.0",
        "npm:@rollup/plugin-node-resolve@15.2.3",
        "npm:@rollup/pluginutils@^5.1.0",
        "npm:@types/escape-html@^1.0.4",
        "npm:@types/pnpapi@^0.0.5",
        "npm:artichokie@~0.2.1",
        "npm:cac@^6.7.14",
        "npm:chokidar@^3.6.0",
        "npm:connect@^3.7.0",
        "npm:convert-source-map@2",
        "npm:cors@^2.8.5",
        "npm:cross-spawn@^7.0.3",
        "npm:debug@^4.3.6",
        "npm:dotenv-expand@^11.0.6",
        "npm:dotenv@^16.4.5",
        "npm:es-module-lexer@^1.5.4",
        "npm:esbuild@~0.21.3",
        "npm:escape-html@^1.0.3",
        "npm:estree-walker@^3.0.3",
        "npm:etag@^1.8.1",
        "npm:fast-glob@^3.3.2",
        "npm:http-proxy@^1.18.1",
        "npm:launch-editor-middleware@^2.9.1",
        "npm:lightningcss@^1.26.0",
        "npm:magic-string@~0.30.11",
        "npm:micromatch@^4.0.8",
        "npm:mlly@^1.7.1",
        "npm:mrmime@2",
        "npm:open@^8.4.2",
        "npm:parse5@^7.1.2",
        "npm:pathe@^1.1.2",
        "npm:periscopic@^4.0.2",
        "npm:picocolors@^1.0.1",
        "npm:picomatch@^2.3.1",
        "npm:postcss-import@^16.1.0",
        "npm:postcss-load-config@^4.0.2",
        "npm:postcss-modules@6",
        "npm:postcss@^8.4.43",
        "npm:resolve.exports@^2.0.2",
        "npm:rollup-plugin-dts@^6.1.1",
        "npm:rollup-plugin-esbuild@^6.1.1",
        "npm:rollup-plugin-license@^3.5.2",
        "npm:rollup@^4.20.0",
        "npm:sass-embedded@^1.77.8",
        "npm:sass@^1.77.8",
        "npm:sirv@^2.0.4",
        "npm:source-map-support@~0.5.21",
        "npm:strip-ansi@^7.1.0",
        "npm:strip-literal@^2.1.0",
        "npm:tsconfck@^3.1.4",
        "npm:tslib@^2.7.0",
        "npm:ufo@^1.5.4",
        "npm:ws@^8.18.0"
      ]
    }
  }
}
