{
  "version": "4",
  "remote": {
    "https://deno.land/x/denoflate@1.2.1/mod.ts": "f5628e44b80b3d80ed525afa2ba0f12408e3849db817d47a883b801f9ce69dd6",
    "https://deno.land/x/denoflate@1.2.1/pkg/denoflate.js": "b9f9ad9457d3f12f28b1fb35c555f57443427f74decb403113d67364e4f2caf4",
    "https://deno.land/x/denoflate@1.2.1/pkg/denoflate_bg.wasm.js": "d581956245407a2115a3d7e8d85a9641c032940a8e810acbd59ca86afd34d44d",
    "https://deno.land/x/esbuild@v0.24.0/mod.js": "15b51f08198c373555700a695b6c6630a86f2c254938e81be7711eb6d4edc74e",
    "https://esm.sh/postcss@8.4.47": "db164b9a861703769b08fb234226bf33490874cb92ea72fb840da99aef8382e0",
    "https://esm.sh/v135/nanoid@3.3.7/denonext/non-secure.js": "04f910c9045422af11c2760899978492d745d6b13e5d9f08040c13b658c27ee0",
    "https://esm.sh/v135/picocolors@1.1.0/denonext/picocolors.mjs": "b5668be210c3efbebb5f98d34aa001f976a840931bafe081568cbbc9ec33b595",
    "https://esm.sh/v135/postcss@8.4.47/denonext/lib/at-rule.js": "8b0988d51d896b1ef6e5c6fd5a2d700ecf90a4afa9f3ed8e73e3724919ba5241",
    "https://esm.sh/v135/postcss@8.4.47/denonext/lib/comment.js": "4196efcddb08c18c99c86187d97a5dc524fd2057b574bd4f6c117d9c8febc7dc",
    "https://esm.sh/v135/postcss@8.4.47/denonext/lib/container.js": "5306a5c00f1d08277762d798315c0765de2bc4d582194642ee82d8fbc34b54ba",
    "https://esm.sh/v135/postcss@8.4.47/denonext/lib/css-syntax-error.js": "4c9ad5a5f028472459d433d798eaf14e2d2db0d444d6fc5aa26dfa312ea06d44",
    "https://esm.sh/v135/postcss@8.4.47/denonext/lib/declaration.js": "5bc401c3c51ad6e5070f5d43e07a512ac55366d2c40e50e6edcbbc4346e3ca94",
    "https://esm.sh/v135/postcss@8.4.47/denonext/lib/fromJSON.js": "f0c25bfb583c588dd4aac27472e1aadf7ffe775e33057fe3f8b17f2808886f38",
    "https://esm.sh/v135/postcss@8.4.47/denonext/lib/input.js": "cb6f72a9a25783db2dd235def3079951016122e4e6c3f8642fce15f819993e64",
    "https://esm.sh/v135/postcss@8.4.47/denonext/lib/lazy-result.js": "d657600147bed9aa88c4bd680bf119a8e4fcd13c987c53820f757f05fbff68bd",
    "https://esm.sh/v135/postcss@8.4.47/denonext/lib/list.js": "bee207c66c78b9ab620b71519c369a2dab435a2ac057be950da9ec69dcccf452",
    "https://esm.sh/v135/postcss@8.4.47/denonext/lib/map-generator.js": "024c1d22fd37be5d52f05c40d397b8930967ee6aae1da17ebfdeb4d3f17cb59e",
    "https://esm.sh/v135/postcss@8.4.47/denonext/lib/no-work-result.js": "fa27dde6bd271bd267bc27962fbc55c48b11bb5da380bc0c3b4ebb811bfbad96",
    "https://esm.sh/v135/postcss@8.4.47/denonext/lib/node.js": "3a8a4f2b92781ec4c043effd3e0bb0f68d4027cbce7f9682fd45a5100704ccde",
    "https://esm.sh/v135/postcss@8.4.47/denonext/lib/parse.js": "7e46d140f1da309cc3d9569296fb3d9b7009dde1132313c2862216efd13ced7b",
    "https://esm.sh/v135/postcss@8.4.47/denonext/lib/parser.js": "15f9881a8ec581d0cb3b1c834bf47585baeebf8f8cedaca410a81a78b0d14adc",
    "https://esm.sh/v135/postcss@8.4.47/denonext/lib/postcss.js": "79e4a574e8fbcdf1fe6b2638664711d5652857d0d508f23a822b2b140d5288c2",
    "https://esm.sh/v135/postcss@8.4.47/denonext/lib/previous-map.js": "1791fc4f8bcda95b379ee5ef85fcab836f9832a797d79d8c6297e25387da5fdb",
    "https://esm.sh/v135/postcss@8.4.47/denonext/lib/processor.js": "11da38203e5afba867decbab79c83191523546a82c561743fe069ed973b0a9d9",
    "https://esm.sh/v135/postcss@8.4.47/denonext/lib/result.js": "b9070f79740c6cfb61cdfb6e4651cf0bbce7afe43f6682be2c9ae7f3e1396384",
    "https://esm.sh/v135/postcss@8.4.47/denonext/lib/root.js": "e4c59fe6931aa9b8776c09f24e06e377904a128465dd5dae28698caee04d2a0f",
    "https://esm.sh/v135/postcss@8.4.47/denonext/lib/rule.js": "b82a74ab9603e4e1231ec3b973691d6552015f77ef1694f68034d340a119744c",
    "https://esm.sh/v135/postcss@8.4.47/denonext/lib/stringifier.js": "068883679c04d7bcf74faa5808db50310d5b86323debd3a92390e17af0a20607",
    "https://esm.sh/v135/postcss@8.4.47/denonext/lib/stringify.js": "3b85d137878b233adc8994145f4ef197c2890b7887d6ba5aee8cba6eac208302",
    "https://esm.sh/v135/postcss@8.4.47/denonext/lib/symbols.js": "ebf9d68f4529b84359ee4c02f9c1ae43c3d9c0ce3d84a34091fa2c1ca3635772",
    "https://esm.sh/v135/postcss@8.4.47/denonext/lib/terminal-highlight.js": "4cb9b78e44f44070c573cefe678b4d53ff6d67eccc77e71813d458ae84ca6d34",
    "https://esm.sh/v135/postcss@8.4.47/denonext/lib/tokenize.js": "e4e15c0edfe4fa0f58c326e4624d49f163a2ad464472287adeb506398b36a1e6",
    "https://esm.sh/v135/postcss@8.4.47/denonext/lib/warn-once.js": "ad7e7558f674a81fe2fb93ba68017423be8345f40c483afebfe1509580901e7c",
    "https://esm.sh/v135/postcss@8.4.47/denonext/lib/warning.js": "600273f70186b8c64e9da0c69df4958be12f5366e8a545f8403226c3efee23dd",
    "https://esm.sh/v135/postcss@8.4.47/denonext/postcss.mjs": "d52b5f3f277b4bfb038e9f51968734525b3bd8377d371033b9aaddf61d9f4dd7",
    "https://esm.sh/v135/source-map-js@1.2.1/denonext/source-map-js.mjs": "eb394b8281cfdf9e47261ba47189dd8968bb024159e1e80ec63ff05394aff4c3",
    "https://esm.sh/v135/vite@5.4.10/denonext/runtime.js": "94c995929f6c7700caab6e7904eea58c43c961761f89c621ab1d5b0f00523d9c",
    "https://esm.sh/vite@5.4.10/runtime": "6ee5c3b0173334f94dd9afa8b32e26d09729b31545b278def2a9a8344948ce97"
  },
  "workspace": {
    "packageJson": {
      "dependencies": [
        "npm:@ampproject/remapping@^2.3.0",
        "npm:@babel/parser@^7.25.6",
        "npm:@jridgewell/trace-mapping@~0.3.25",
        "npm:@polka/compression@^1.0.0-next.25",
        "npm:@rollup/plugin-alias@^5.1.0",
        "npm:@rollup/plugin-commonjs@^26.0.1",
        "npm:@rollup/plugin-dynamic-import-vars@^2.1.2",
        "npm:@rollup/plugin-json@^6.1.0",
        "npm:@rollup/plugin-node-resolve@15.2.3",
        "npm:@rollup/pluginutils@^5.1.0",
        "npm:@types/escape-html@^1.0.4",
        "npm:@types/pnpapi@^0.0.5",
        "npm:artichokie@~0.2.1",
        "npm:cac@^6.7.14",
        "npm:chokidar@^3.6.0",
        "npm:connect@^3.7.0",
        "npm:convert-source-map@2",
        "npm:cors@^2.8.5",
        "npm:cross-spawn@^7.0.3",
        "npm:debug@^4.3.6",
        "npm:dotenv-expand@^11.0.6",
        "npm:dotenv@^16.4.5",
        "npm:es-module-lexer@^1.5.4",
        "npm:esbuild@~0.21.3",
        "npm:escape-html@^1.0.3",
        "npm:estree-walker@^3.0.3",
        "npm:etag@^1.8.1",
        "npm:fast-glob@^3.3.2",
        "npm:http-proxy@^1.18.1",
        "npm:launch-editor-middleware@^2.9.1",
        "npm:lightningcss@^1.26.0",
        "npm:magic-string@~0.30.11",
        "npm:micromatch@^4.0.8",
        "npm:mlly@^1.7.1",
        "npm:mrmime@2",
        "npm:open@^8.4.2",
        "npm:parse5@^7.1.2",
        "npm:pathe@^1.1.2",
        "npm:periscopic@^4.0.2",
        "npm:picocolors@^1.0.1",
        "npm:picomatch@^2.3.1",
        "npm:postcss-import@^16.1.0",
        "npm:postcss-load-config@^4.0.2",
        "npm:postcss-modules@6",
        "npm:postcss@^8.4.43",
        "npm:resolve.exports@^2.0.2",
        "npm:rollup-plugin-dts@^6.1.1",
        "npm:rollup-plugin-esbuild@^6.1.1",
        "npm:rollup-plugin-license@^3.5.2",
        "npm:rollup@^4.20.0",
        "npm:sass-embedded@^1.77.8",
        "npm:sass@^1.77.8",
        "npm:sirv@^2.0.4",
        "npm:source-map-support@~0.5.21",
        "npm:strip-ansi@^7.1.0",
        "npm:strip-literal@^2.1.0",
        "npm:tsconfck@^3.1.4",
        "npm:tslib@^2.7.0",
        "npm:ufo@^1.5.4",
        "npm:ws@^8.18.0"
      ]
    }
  }
}
