{
  "version": "4",
  "remote": {
    "https://deno.land/x/denoflate@1.2.1/mod.ts": "f5628e44b80b3d80ed525afa2ba0f12408e3849db817d47a883b801f9ce69dd6",
    "https://deno.land/x/denoflate@1.2.1/pkg/denoflate.js": "b9f9ad9457d3f12f28b1fb35c555f57443427f74decb403113d67364e4f2caf4",
    "https://deno.land/x/denoflate@1.2.1/pkg/denoflate_bg.wasm.js": "d581956245407a2115a3d7e8d85a9641c032940a8e810acbd59ca86afd34d44d",
    "https://deno.land/x/esbuild@v0.24.0/mod.js": "15b51f08198c373555700a695b6c6630a86f2c254938e81be7711eb6d4edc74e"
  },
  "workspace": {
    "packageJson": {
      "dependencies": [
        "npm:@ampproject/remapping@^2.3.0",
        "npm:@babel/parser@^7.25.6",
        "npm:@jridgewell/trace-mapping@~0.3.25",
        "npm:@polka/compression@^1.0.0-next.25",
        "npm:@rollup/plugin-alias@^5.1.0",
        "npm:@rollup/plugin-commonjs@^26.0.1",
        "npm:@rollup/plugin-dynamic-import-vars@^2.1.2",
        "npm:@rollup/plugin-json@^6.1.0",
        "npm:@rollup/plugin-node-resolve@15.2.3",
        "npm:@rollup/pluginutils@^5.1.0",
        "npm:@types/escape-html@^1.0.4",
        "npm:@types/pnpapi@^0.0.5",
        "npm:artichokie@~0.2.1",
        "npm:cac@^6.7.14",
        "npm:chokidar@^3.6.0",
        "npm:connect@^3.7.0",
        "npm:convert-source-map@2",
        "npm:cors@^2.8.5",
        "npm:cross-spawn@^7.0.3",
        "npm:debug@^4.3.6",
        "npm:dotenv-expand@^11.0.6",
        "npm:dotenv@^16.4.5",
        "npm:es-module-lexer@^1.5.4",
        "npm:esbuild@~0.21.3",
        "npm:escape-html@^1.0.3",
        "npm:estree-walker@^3.0.3",
        "npm:etag@^1.8.1",
        "npm:fast-glob@^3.3.2",
        "npm:http-proxy@^1.18.1",
        "npm:launch-editor-middleware@^2.9.1",
        "npm:lightningcss@^1.26.0",
        "npm:magic-string@~0.30.11",
        "npm:micromatch@^4.0.8",
        "npm:mlly@^1.7.1",
        "npm:mrmime@2",
        "npm:open@^8.4.2",
        "npm:parse5@^7.1.2",
        "npm:pathe@^1.1.2",
        "npm:periscopic@^4.0.2",
        "npm:picocolors@^1.0.1",
        "npm:picomatch@^2.3.1",
        "npm:postcss-import@^16.1.0",
        "npm:postcss-load-config@^4.0.2",
        "npm:postcss-modules@6",
        "npm:postcss@^8.4.43",
        "npm:resolve.exports@^2.0.2",
        "npm:rollup-plugin-dts@^6.1.1",
        "npm:rollup-plugin-esbuild@^6.1.1",
        "npm:rollup-plugin-license@^3.5.2",
        "npm:rollup@^4.20.0",
        "npm:sass-embedded@^1.77.8",
        "npm:sass@^1.77.8",
        "npm:sirv@^2.0.4",
        "npm:source-map-support@~0.5.21",
        "npm:strip-ansi@^7.1.0",
        "npm:strip-literal@^2.1.0",
        "npm:tsconfck@^3.1.4",
        "npm:tslib@^2.7.0",
        "npm:ufo@^1.5.4",
        "npm:ws@^8.18.0"
      ]
    }
  }
}
